// !$*UTF8*$!
{
	archiveVersion = 1;
	classes = {
	};
	objectVersion = 55;
	objects = {

/* Begin PBXBuildFile section */
		158B696828359C4A00A32641 /* AppDelegate.swift in Sources */ = {isa = PBXBuildFile; fileRef = 158B696728359C4A00A32641 /* AppDelegate.swift */; };
		158B696A28359C4A00A32641 /* SceneDelegate.swift in Sources */ = {isa = PBXBuildFile; fileRef = 158B696928359C4A00A32641 /* SceneDelegate.swift */; };
		158B696C28359C4A00A32641 /* ForwardGeocodingVC.swift in Sources */ = {isa = PBXBuildFile; fileRef = 158B696B28359C4A00A32641 /* ForwardGeocodingVC.swift */; };
		158B696F28359C4A00A32641 /* Main.storyboard in Resources */ = {isa = PBXBuildFile; fileRef = 158B696D28359C4A00A32641 /* Main.storyboard */; };
		158B697228359C4A00A32641 /* LocationAndMapsDemo.xcdatamodeld in Sources */ = {isa = PBXBuildFile; fileRef = 158B697028359C4A00A32641 /* LocationAndMapsDemo.xcdatamodeld */; };
		158B697428359C4C00A32641 /* Assets.xcassets in Resources */ = {isa = PBXBuildFile; fileRef = 158B697328359C4C00A32641 /* Assets.xcassets */; };
		158B697728359C4C00A32641 /* LaunchScreen.storyboard in Resources */ = {isa = PBXBuildFile; fileRef = 158B697528359C4C00A32641 /* LaunchScreen.storyboard */; };
		158B697F28359F9E00A32641 /* ReverseGeocodingVC.swift in Sources */ = {isa = PBXBuildFile; fileRef = 158B697E28359F9E00A32641 /* ReverseGeocodingVC.swift */; };
		158B698128359FC000A32641 /* MapsDemoVC.swift in Sources */ = {isa = PBXBuildFile; fileRef = 158B698028359FC000A32641 /* MapsDemoVC.swift */; };
		158B69832835C6A300A32641 /* UserLocationVC.swift in Sources */ = {isa = PBXBuildFile; fileRef = 158B69822835C6A300A32641 /* UserLocationVC.swift */; };
		158B69852835D0AE00A32641 /* MapAndUserLocationVC.swift in Sources */ = {isa = PBXBuildFile; fileRef = 158B69842835D0AE00A32641 /* MapAndUserLocationVC.swift */; };
/* End PBXBuildFile section */

/* Begin PBXFileReference section */
		158B696428359C4A00A32641 /* LocationAndMapsDemo.app */ = {isa = PBXFileReference; explicitFileType = wrapper.application; includeInIndex = 0; path = LocationAndMapsDemo.app; sourceTree = BUILT_PRODUCTS_DIR; };
		158B696728359C4A00A32641 /* AppDelegate.swift */ = {isa = PBXFileReference; lastKnownFileType = sourcecode.swift; path = AppDelegate.swift; sourceTree = "<group>"; };
		158B696928359C4A00A32641 /* SceneDelegate.swift */ = {isa = PBXFileReference; lastKnownFileType = sourcecode.swift; path = SceneDelegate.swift; sourceTree = "<group>"; };
		158B696B28359C4A00A32641 /* ForwardGeocodingVC.swift */ = {isa = PBXFileReference; lastKnownFileType = sourcecode.swift; path = ForwardGeocodingVC.swift; sourceTree = "<group>"; };
		158B696E28359C4A00A32641 /* Base */ = {isa = PBXFileReference; lastKnownFileType = file.storyboard; name = Base; path = Base.lproj/Main.storyboard; sourceTree = "<group>"; };
		158B697128359C4A00A32641 /* LocationAndMapsDemo.xcdatamodel */ = {isa = PBXFileReference; lastKnownFileType = wrapper.xcdatamodel; path = LocationAndMapsDemo.xcdatamodel; sourceTree = "<group>"; };
		158B697328359C4C00A32641 /* Assets.xcassets */ = {isa = PBXFileReference; lastKnownFileType = folder.assetcatalog; path = Assets.xcassets; sourceTree = "<group>"; };
		158B697628359C4C00A32641 /* Base */ = {isa = PBXFileReference; lastKnownFileType = file.storyboard; name = Base; path = Base.lproj/LaunchScreen.storyboard; sourceTree = "<group>"; };
		158B697828359C4C00A32641 /* Info.plist */ = {isa = PBXFileReference; lastKnownFileType = text.plist.xml; path = Info.plist; sourceTree = "<group>"; };
		158B697E28359F9E00A32641 /* ReverseGeocodingVC.swift */ = {isa = PBXFileReference; lastKnownFileType = sourcecode.swift; path = ReverseGeocodingVC.swift; sourceTree = "<group>"; };
		158B698028359FC000A32641 /* MapsDemoVC.swift */ = {isa = PBXFileReference; lastKnownFileType = sourcecode.swift; path = MapsDemoVC.swift; sourceTree = "<group>"; };
		158B69822835C6A300A32641 /* UserLocationVC.swift */ = {isa = PBXFileReference; lastKnownFileType = sourcecode.swift; path = UserLocationVC.swift; sourceTree = "<group>"; };
		158B69842835D0AE00A32641 /* MapAndUserLocationVC.swift */ = {isa = PBXFileReference; lastKnownFileType = sourcecode.swift; path = MapAndUserLocationVC.swift; sourceTree = "<group>"; };
/* End PBXFileReference section */

/* Begin PBXFrameworksBuildPhase section */
		158B696128359C4A00A32641 /* Frameworks */ = {
			isa = PBXFrameworksBuildPhase;
			buildActionMask = 2147483647;
			files = (
			);
			runOnlyForDeploymentPostprocessing = 0;
		};
/* End PBXFrameworksBuildPhase section */

/* Begin PBXGroup section */
		158B695B28359C4A00A32641 = {
			isa = PBXGroup;
			children = (
				158B696628359C4A00A32641 /* LocationAndMapsDemo */,
				158B696528359C4A00A32641 /* Products */,
			);
			sourceTree = "<group>";
		};
		158B696528359C4A00A32641 /* Products */ = {
			isa = PBXGroup;
			children = (
				158B696428359C4A00A32641 /* LocationAndMapsDemo.app */,
			);
			name = Products;
			sourceTree = "<group>";
		};
		158B696628359C4A00A32641 /* LocationAndMapsDemo */ = {
			isa = PBXGroup;
			children = (
				158B696728359C4A00A32641 /* AppDelegate.swift */,
				158B696928359C4A00A32641 /* SceneDelegate.swift */,
				158B696B28359C4A00A32641 /* ForwardGeocodingVC.swift */,
				158B697E28359F9E00A32641 /* ReverseGeocodingVC.swift */,
				158B698028359FC000A32641 /* MapsDemoVC.swift */,
				158B69842835D0AE00A32641 /* MapAndUserLocationVC.swift */,
				158B69822835C6A300A32641 /* UserLocationVC.swift */,
				158B696D28359C4A00A32641 /* Main.storyboard */,
				158B697328359C4C00A32641 /* Assets.xcassets */,
				158B697528359C4C00A32641 /* LaunchScreen.storyboard */,
				158B697828359C4C00A32641 /* Info.plist */,
				158B697028359C4A00A32641 /* LocationAndMapsDemo.xcdatamodeld */,
			);
			path = LocationAndMapsDemo;
			sourceTree = "<group>";
		};
/* End PBXGroup section */

/* Begin PBXNativeTarget section */
		158B696328359C4A00A32641 /* LocationAndMapsDemo */ = {
			isa = PBXNativeTarget;
			buildConfigurationList = 158B697B28359C4C00A32641 /* Build configuration list for PBXNativeTarget "LocationAndMapsDemo" */;
			buildPhases = (
				158B696028359C4A00A32641 /* Sources */,
				158B696128359C4A00A32641 /* Frameworks */,
				158B696228359C4A00A32641 /* Resources */,
			);
			buildRules = (
			);
			dependencies = (
			);
			name = LocationAndMapsDemo;
			productName = LocationAndMapsDemo;
			productReference = 158B696428359C4A00A32641 /* LocationAndMapsDemo.app */;
			productType = "com.apple.product-type.application";
		};
/* End PBXNativeTarget section */

/* Begin PBXProject section */
		158B695C28359C4A00A32641 /* Project object */ = {
			isa = PBXProject;
			attributes = {
				BuildIndependentTargetsInParallel = 1;
				LastSwiftUpdateCheck = 1320;
				LastUpgradeCheck = 1320;
				TargetAttributes = {
					158B696328359C4A00A32641 = {
						CreatedOnToolsVersion = 13.2.1;
					};
				};
			};
			buildConfigurationList = 158B695F28359C4A00A32641 /* Build configuration list for PBXProject "LocationAndMapsDemo" */;
			compatibilityVersion = "Xcode 13.0";
			developmentRegion = en;
			hasScannedForEncodings = 0;
			knownRegions = (
				en,
				Base,
			);
			mainGroup = 158B695B28359C4A00A32641;
			productRefGroup = 158B696528359C4A00A32641 /* Products */;
			projectDirPath = "";
			projectRoot = "";
			targets = (
				158B696328359C4A00A32641 /* LocationAndMapsDemo */,
			);
		};
/* End PBXProject section */

/* Begin PBXResourcesBuildPhase section */
		158B696228359C4A00A32641 /* Resources */ = {
			isa = PBXResourcesBuildPhase;
			buildActionMask = 2147483647;
			files = (
				158B697728359C4C00A32641 /* LaunchScreen.storyboard in Resources */,
				158B697428359C4C00A32641 /* Assets.xcassets in Resources */,
				158B696F28359C4A00A32641 /* Main.storyboard in Resources */,
			);
			runOnlyForDeploymentPostprocessing = 0;
		};
/* End PBXResourcesBuildPhase section */

/* Begin PBXSourcesBuildPhase section */
		158B696028359C4A00A32641 /* Sources */ = {
			isa = PBXSourcesBuildPhase;
			buildActionMask = 2147483647;
			files = (
				158B697F28359F9E00A32641 /* ReverseGeocodingVC.swift in Sources */,
				158B69832835C6A300A32641 /* UserLocationVC.swift in Sources */,
				158B697228359C4A00A32641 /* LocationAndMapsDemo.xcdatamodeld in Sources */,
				158B696C28359C4A00A32641 /* ForwardGeocodingVC.swift in Sources */,
				158B696828359C4A00A32641 /* AppDelegate.swift in Sources */,
				158B698128359FC000A32641 /* MapsDemoVC.swift in Sources */,
				158B696A28359C4A00A32641 /* SceneDelegate.swift in Sources */,
				158B69852835D0AE00A32641 /* MapAndUserLocationVC.swift in Sources */,
			);
			runOnlyForDeploymentPostprocessing = 0;
		};
/* End PBXSourcesBuildPhase section */

/* Begin PBXVariantGroup section */
		158B696D28359C4A00A32641 /* Main.storyboard */ = {
			isa = PBXVariantGroup;
			children = (
				158B696E28359C4A00A32641 /* Base */,
			);
			name = Main.storyboard;
			sourceTree = "<group>";
		};
		158B697528359C4C00A32641 /* LaunchScreen.storyboard */ = {
			isa = PBXVariantGroup;
			children = (
				158B697628359C4C00A32641 /* Base */,
			);
			name = LaunchScreen.storyboard;
			sourceTree = "<group>";
		};
/* End PBXVariantGroup section */

/* Begin XCBuildConfiguration section */
		158B697928359C4C00A32641 /* Debug */ = {
			isa = XCBuildConfiguration;
			buildSettings = {
				ALWAYS_SEARCH_USER_PATHS = NO;
				CLANG_ANALYZER_NONNULL = YES;
				CLANG_ANALYZER_NUMBER_OBJECT_CONVERSION = YES_AGGRESSIVE;
				CLANG_CXX_LANGUAGE_STANDARD = "gnu++17";
				CLANG_CXX_LIBRARY = "libc++";
				CLANG_ENABLE_MODULES = YES;
				CLANG_ENABLE_OBJC_ARC = YES;
				CLANG_ENABLE_OBJC_WEAK = YES;
				CLANG_WARN_BLOCK_CAPTURE_AUTORELEASING = YES;
				CLANG_WARN_BOOL_CONVERSION = YES;
				CLANG_WARN_COMMA = YES;
				CLANG_WARN_CONSTANT_CONVERSION = YES;
				CLANG_WARN_DEPRECATED_OBJC_IMPLEMENTATIONS = YES;
				CLANG_WARN_DIRECT_OBJC_ISA_USAGE = YES_ERROR;
				CLANG_WARN_DOCUMENTATION_COMMENTS = YES;
				CLANG_WARN_EMPTY_BODY = YES;
				CLANG_WARN_ENUM_CONVERSION = YES;
				CLANG_WARN_INFINITE_RECURSION = YES;
				CLANG_WARN_INT_CONVERSION = YES;
				CLANG_WARN_NON_LITERAL_NULL_CONVERSION = YES;
				CLANG_WARN_OBJC_IMPLICIT_RETAIN_SELF = YES;
				CLANG_WARN_OBJC_LITERAL_CONVERSION = YES;
				CLANG_WARN_OBJC_ROOT_CLASS = YES_ERROR;
				CLANG_WARN_QUOTED_INCLUDE_IN_FRAMEWORK_HEADER = YES;
				CLANG_WARN_RANGE_LOOP_ANALYSIS = YES;
				CLANG_WARN_STRICT_PROTOTYPES = YES;
				CLANG_WARN_SUSPICIOUS_MOVE = YES;
				CLANG_WARN_UNGUARDED_AVAILABILITY = YES_AGGRESSIVE;
				CLANG_WARN_UNREACHABLE_CODE = YES;
				CLANG_WARN__DUPLICATE_METHOD_MATCH = YES;
				COPY_PHASE_STRIP = NO;
				DEBUG_INFORMATION_FORMAT = dwarf;
				ENABLE_STRICT_OBJC_MSGSEND = YES;
				ENABLE_TESTABILITY = YES;
				GCC_C_LANGUAGE_STANDARD = gnu11;
				GCC_DYNAMIC_NO_PIC = NO;
				GCC_NO_COMMON_BLOCKS = YES;
				GCC_OPTIMIZATION_LEVEL = 0;
				GCC_PREPROCESSOR_DEFINITIONS = (
					"DEBUG=1",
					"$(inherited)",
				);
				GCC_WARN_64_TO_32_BIT_CONVERSION = YES;
				GCC_WARN_ABOUT_RETURN_TYPE = YES_ERROR;
				GCC_WARN_UNDECLARED_SELECTOR = YES;
				GCC_WARN_UNINITIALIZED_AUTOS = YES_AGGRESSIVE;
				GCC_WARN_UNUSED_FUNCTION = YES;
				GCC_WARN_UNUSED_VARIABLE = YES;
				IPHONEOS_DEPLOYMENT_TARGET = 15.2;
				MTL_ENABLE_DEBUG_INFO = INCLUDE_SOURCE;
				MTL_FAST_MATH = YES;
				ONLY_ACTIVE_ARCH = YES;
				SDKROOT = iphoneos;
				SWIFT_ACTIVE_COMPILATION_CONDITIONS = DEBUG;
				SWIFT_OPTIMIZATION_LEVEL = "-Onone";
			};
			name = Debug;
		};
		158B697A28359C4C00A32641 /* Release */ = {
			isa = XCBuildConfiguration;
			buildSettings = {
				ALWAYS_SEARCH_USER_PATHS = NO;
				CLANG_ANALYZER_NONNULL = YES;
				CLANG_ANALYZER_NUMBER_OBJECT_CONVERSION = YES_AGGRESSIVE;
				CLANG_CXX_LANGUAGE_STANDARD = "gnu++17";
				CLANG_CXX_LIBRARY = "libc++";
				CLANG_ENABLE_MODULES = YES;
				CLANG_ENABLE_OBJC_ARC = YES;
				CLANG_ENABLE_OBJC_WEAK = YES;
				CLANG_WARN_BLOCK_CAPTURE_AUTORELEASING = YES;
				CLANG_WARN_BOOL_CONVERSION = YES;
				CLANG_WARN_COMMA = YES;
				CLANG_WARN_CONSTANT_CONVERSION = YES;
				CLANG_WARN_DEPRECATED_OBJC_IMPLEMENTATIONS = YES;
				CLANG_WARN_DIRECT_OBJC_ISA_USAGE = YES_ERROR;
				CLANG_WARN_DOCUMENTATION_COMMENTS = YES;
				CLANG_WARN_EMPTY_BODY = YES;
				CLANG_WARN_ENUM_CONVERSION = YES;
				CLANG_WARN_INFINITE_RECURSION = YES;
				CLANG_WARN_INT_CONVERSION = YES;
				CLANG_WARN_NON_LITERAL_NULL_CONVERSION = YES;
				CLANG_WARN_OBJC_IMPLICIT_RETAIN_SELF = YES;
				CLANG_WARN_OBJC_LITERAL_CONVERSION = YES;
				CLANG_WARN_OBJC_ROOT_CLASS = YES_ERROR;
				CLANG_WARN_QUOTED_INCLUDE_IN_FRAMEWORK_HEADER = YES;
				CLANG_WARN_RANGE_LOOP_ANALYSIS = YES;
				CLANG_WARN_STRICT_PROTOTYPES = YES;
				CLANG_WARN_SUSPICIOUS_MOVE = YES;
				CLANG_WARN_UNGUARDED_AVAILABILITY = YES_AGGRESSIVE;
				CLANG_WARN_UNREACHABLE_CODE = YES;
				CLANG_WARN__DUPLICATE_METHOD_MATCH = YES;
				COPY_PHASE_STRIP = NO;
				DEBUG_INFORMATION_FORMAT = "dwarf-with-dsym";
				ENABLE_NS_ASSERTIONS = NO;
				ENABLE_STRICT_OBJC_MSGSEND = YES;
				GCC_C_LANGUAGE_STANDARD = gnu11;
				GCC_NO_COMMON_BLOCKS = YES;
				GCC_WARN_64_TO_32_BIT_CONVERSION = YES;
				GCC_WARN_ABOUT_RETURN_TYPE = YES_ERROR;
				GCC_WARN_UNDECLARED_SELECTOR = YES;
				GCC_WARN_UNINITIALIZED_AUTOS = YES_AGGRESSIVE;
				GCC_WARN_UNUSED_FUNCTION = YES;
				GCC_WARN_UNUSED_VARIABLE = YES;
				IPHONEOS_DEPLOYMENT_TARGET = 15.2;
				MTL_ENABLE_DEBUG_INFO = NO;
				MTL_FAST_MATH = YES;
				SDKROOT = iphoneos;
				SWIFT_COMPILATION_MODE = wholemodule;
				SWIFT_OPTIMIZATION_LEVEL = "-O";
				VALIDATE_PRODUCT = YES;
			};
			name = Release;
		};
		158B697C28359C4C00A32641 /* Debug */ = {
			isa = XCBuildConfiguration;
			buildSettings = {
				ASSETCATALOG_COMPILER_APPICON_NAME = AppIcon;
				ASSETCATALOG_COMPILER_GLOBAL_ACCENT_COLOR_NAME = AccentColor;
				CODE_SIGN_STYLE = Automatic;
				CURRENT_PROJECT_VERSION = 1;
				GENERATE_INFOPLIST_FILE = YES;
				INFOPLIST_FILE = LocationAndMapsDemo/Info.plist;
				INFOPLIST_KEY_UIApplicationSupportsIndirectInputEvents = YES;
				INFOPLIST_KEY_UILaunchStoryboardName = LaunchScreen;
				INFOPLIST_KEY_UIMainStoryboardFile = Main;
				INFOPLIST_KEY_UISupportedInterfaceOrientations_iPad = "UIInterfaceOrientationPortrait UIInterfaceOrientationPortraitUpsideDown UIInterfaceOrientationLandscapeLeft UIInterfaceOrientationLandscapeRight";
				INFOPLIST_KEY_UISupportedInterfaceOrientations_iPhone = "UIInterfaceOrientationPortrait UIInterfaceOrientationLandscapeLeft UIInterfaceOrientationLandscapeRight";
				LD_RUNPATH_SEARCH_PATHS = (
					"$(inherited)",
					"@executable_path/Frameworks",
				);
				MARKETING_VERSION = 1.0;
				PRODUCT_BUNDLE_IDENTIFIER = com.test.LocationAndMapsDemo;
				PRODUCT_NAME = "$(TARGET_NAME)";
				SWIFT_EMIT_LOC_STRINGS = YES;
				SWIFT_VERSION = 5.0;
				TARGETED_DEVICE_FAMILY = "1,2";
			};
			name = Debug;
		};
		158B697D28359C4C00A32641 /* Release */ = {
			isa = XCBuildConfiguration;
			buildSettings = {
				ASSETCATALOG_COMPILER_APPICON_NAME = AppIcon;
				ASSETCATALOG_COMPILER_GLOBAL_ACCENT_COLOR_NAME = AccentColor;
				CODE_SIGN_STYLE = Automatic;
				CURRENT_PROJECT_VERSION = 1;
				GENERATE_INFOPLIST_FILE = YES;
				INFOPLIST_FILE = LocationAndMapsDemo/Info.plist;
				INFOPLIST_KEY_UIApplicationSupportsIndirectInputEvents = YES;
				INFOPLIST_KEY_UILaunchStoryboardName = LaunchScreen;
				INFOPLIST_KEY_UIMainStoryboardFile = Main;
				INFOPLIST_KEY_UISupportedInterfaceOrientations_iPad = "UIInterfaceOrientationPortrait UIInterfaceOrientationPortraitUpsideDown UIInterfaceOrientationLandscapeLeft UIInterfaceOrientationLandscapeRight";
				INFOPLIST_KEY_UISupportedInterfaceOrientations_iPhone = "UIInterfaceOrientationPortrait UIInterfaceOrientationLandscapeLeft UIInterfaceOrientationLandscapeRight";
				LD_RUNPATH_SEARCH_PATHS = (
					"$(inherited)",
					"@executable_path/Frameworks",
				);
				MARKETING_VERSION = 1.0;
				PRODUCT_BUNDLE_IDENTIFIER = com.test.LocationAndMapsDemo;
				PRODUCT_NAME = "$(TARGET_NAME)";
				SWIFT_EMIT_LOC_STRINGS = YES;
				SWIFT_VERSION = 5.0;
				TARGETED_DEVICE_FAMILY = "1,2";
			};
			name = Release;
		};
/* End XCBuildConfiguration section */

/* Begin XCConfigurationList section */
		158B695F28359C4A00A32641 /* Build configuration list for PBXProject "LocationAndMapsDemo" */ = {
			isa = XCConfigurationList;
			buildConfigurations = (
				158B697928359C4C00A32641 /* Debug */,
				158B697A28359C4C00A32641 /* Release */,
			);
			defaultConfigurationIsVisible = 0;
			defaultConfigurationName = Release;
		};
		158B697B28359C4C00A32641 /* Build configuration list for PBXNativeTarget "LocationAndMapsDemo" */ = {
			isa = XCConfigurationList;
			buildConfigurations = (
				158B697C28359C4C00A32641 /* Debug */,
				158B697D28359C4C00A32641 /* Release */,
			);
			defaultConfigurationIsVisible = 0;
			defaultConfigurationName = Release;
		};
/* End XCConfigurationList section */

/* Begin XCVersionGroup section */
		158B697028359C4A00A32641 /* LocationAndMapsDemo.xcdatamodeld */ = {
			isa = XCVersionGroup;
			children = (
				158B697128359C4A00A32641 /* LocationAndMapsDemo.xcdatamodel */,
			);
			currentVersion = 158B697128359C4A00A32641 /* LocationAndMapsDemo.xcdatamodel */;
			path = LocationAndMapsDemo.xcdatamodeld;
			sourceTree = "<group>";
			versionGroupType = wrapper.xcdatamodel;
		};
/* End XCVersionGroup section */
	};
	rootObject = 158B695C28359C4A00A32641 /* Project object */;
}
